
Microsoft Visual Studio Solution File, Format Version 12.00
# Visual Studio Version 17
VisualStudioVersion = 17.8.34316.72
MinimumVisualStudioVersion = 10.0.40219.1
Project("{9A19103F-16F7-4668-BE54-9A1E7A4F7556}") = "GraphMLParser", "GraphMLParser\GraphMLParser.csproj", "{A89063F3-5668-4FC2-AF7F-AE5EFF1538FB}"
EndProject
Project("{FAE04EC0-301F-11D3-BF4B-00C04F79EFBC}") = "aima-csharp", "aima-csharp\aima-csharp\aima-csharp.csproj", "{125F53D5-1CCF-4DAF-82FE-4324686CF417}"
EndProject
Global
	GlobalSection(SolutionConfigurationPlatforms) = preSolution
		Debug|Any CPU = Debug|Any CPU
		Release|Any CPU = Release|Any CPU
	EndGlobalSection
	GlobalSection(ProjectConfigurationPlatforms) = postSolution
		{A89063F3-5668-4FC2-AF7F-AE5EFF1538FB}.Debug|Any CPU.ActiveCfg = Debug|Any CPU
		{A89063F3-5668-4FC2-AF7F-AE5EFF1538FB}.Debug|Any CPU.Build.0 = Debug|Any CPU
		{A89063F3-5668-4FC2-AF7F-AE5EFF1538FB}.Release|Any CPU.ActiveCfg = Release|Any CPU
		{A89063F3-5668-4FC2-AF7F-AE5EFF1538FB}.Release|Any CPU.Build.0 = Release|Any CPU
		{125F53D5-1CCF-4DAF-82FE-4324686CF417}.Debug|Any CPU.ActiveCfg = Debug|Any CPU
		{125F53D5-1CCF-4DAF-82FE-4324686CF417}.Debug|Any CPU.Build.0 = Debug|Any CPU
		{125F53D5-1CCF-4DAF-82FE-4324686CF417}.Release|Any CPU.ActiveCfg = Release|Any CPU
		{125F53D5-1CCF-4DAF-82FE-4324686CF417}.Release|Any CPU.Build.0 = Release|Any CPU
	EndGlobalSection
	GlobalSection(SolutionProperties) = preSolution
		HideSolutionNode = FALSE
	EndGlobalSection
	GlobalSection(ExtensibilityGlobals) = postSolution
		SolutionGuid = {7C75E7DD-D4E5-4473-A4BE-C509F3CB0021}
	EndGlobalSection
EndGlobal
